
Microsoft Visual Studio Solution File, Format Version 12.00
# Visual Studio Version 17
VisualStudioVersion = 17.4.33205.214
MinimumVisualStudioVersion = 10.0.40219.1
Project("{FAE04EC0-301F-11D3-BF4B-00C04F79EFBC}") = "TVuygulaması", "TVuygulaması\TVuygulaması.csproj", "{B04108C2-35B5-4E16-A387-DB17056E2C48}"
EndProject
Global
	GlobalSection(SolutionConfigurationPlatforms) = preSolution
		Debug|Any CPU = Debug|Any CPU
		Release|Any CPU = Release|Any CPU
	EndGlobalSection
	GlobalSection(ProjectConfigurationPlatforms) = postSolution
		{B04108C2-35B5-4E16-A387-DB17056E2C48}.Debug|Any CPU.ActiveCfg = Debug|Any CPU
		{B04108C2-35B5-4E16-A387-DB17056E2C48}.Debug|Any CPU.Build.0 = Debug|Any CPU
		{B04108C2-35B5-4E16-A387-DB17056E2C48}.Release|Any CPU.ActiveCfg = Release|Any CPU
		{B04108C2-35B5-4E16-A387-DB17056E2C48}.Release|Any CPU.Build.0 = Release|Any CPU
	EndGlobalSection
	GlobalSection(SolutionProperties) = preSolution
		HideSolutionNode = FALSE
	EndGlobalSection
	GlobalSection(ExtensibilityGlobals) = postSolution
		SolutionGuid = {660EA72E-0027-455B-87A0-4596931332C7}
	EndGlobalSection
EndGlobal
